{
  "name": "fritbot",
  "version": "0.8.4",
  "dependencies": {
    "js-yaml": {
      "version": "3.2.7",
      "from": "js-yaml@",
      "dependencies": {
        "argparse": {
          "version": "1.0.2",
          "from": "argparse@~ 1.0.0",
          "dependencies": {
            "sprintf-js": {
              "version": "1.0.2",
              "from": "sprintf-js@~1.0.2"
            }
          }
        },
        "esprima": {
          "version": "2.0.0",
          "from": "esprima@~ 2.0.0"
        }
      }
    },
    "lodash": {
      "version": "3.6.0",
      "from": "lodash@"
    },
    "moment": {
      "version": "2.10.2",
      "from": "moment@"
    },
    "mongoose-q": {
      "version": "0.0.17",
      "from": "mongoose-q@",
      "dependencies": {
        "q": {
          "version": "1.0.1",
          "from": "q@~1.0.1"
        },
        "mongoose": {
          "version": "4.0.1",
          "from": "mongoose@>=3.8.25",
          "dependencies": {
            "hooks-fixed": {
              "version": "1.0.1",
              "from": "hooks-fixed@1.0.1"
            },
            "mongodb": {
              "version": "2.0.24",
              "from": "mongodb@2.0.24",
              "dependencies": {
                "mongodb-core": {
                  "version": "1.1.20",
                  "from": "mongodb-core@1.1.20",
                  "dependencies": {
                    "bson": {
                      "version": "0.2.21",
                      "from": "bson@~0.2",
                      "dependencies": {
                        "nan": {
                          "version": "1.7.0",
                          "from": "nan@1.7.0"
                        }
                      }
                    },
                    "mkdirp": {
                      "version": "0.5.0",
                      "from": "mkdirp@0.5.0",
                      "dependencies": {
                        "minimist": {
                          "version": "0.0.8",
                          "from": "minimist@0.0.8"
                        }
                      }
                    },
                    "rimraf": {
                      "version": "2.2.6",
                      "from": "rimraf@2.2.6"
                    },
                    "kerberos": {
                      "version": "0.0.10",
                      "from": "kerberos@~0.0",
                      "dependencies": {
                        "nan": {
                          "version": "1.7.0",
                          "from": "nan@1.7.0"
                        }
                      }
                    }
                  }
                },
                "readable-stream": {
                  "version": "1.0.31",
                  "from": "readable-stream@1.0.31",
                  "dependencies": {
                    "core-util-is": {
                      "version": "1.0.1",
                      "from": "core-util-is@~1.0.0"
                    },
                    "isarray": {
                      "version": "0.0.1",
                      "from": "isarray@0.0.1"
                    },
                    "string_decoder": {
                      "version": "0.10.31",
                      "from": "string_decoder@~0.10.x"
                    },
                    "inherits": {
                      "version": "2.0.1",
                      "from": "inherits@~2.0.1"
                    }
                  }
                }
              }
            },
            "ms": {
              "version": "0.1.0",
              "from": "ms@0.1.0"
            },
            "sliced": {
              "version": "0.0.5",
              "from": "sliced@0.0.5"
            },
            "muri": {
              "version": "1.0.0",
              "from": "muri@1.0.0"
            },
            "mpromise": {
              "version": "0.5.4",
              "from": "mpromise@0.5.4"
            },
            "mpath": {
              "version": "0.1.1",
              "from": "mpath@0.1.1"
            },
            "kareem": {
              "version": "1.0.0",
              "from": "kareem@1.0.0"
            },
            "regexp-clone": {
              "version": "0.0.1",
              "from": "regexp-clone@0.0.1"
            },
            "mquery": {
              "version": "1.4.0",
              "from": "mquery@1.4.0",
              "dependencies": {
                "bluebird": {
                  "version": "2.3.2",
                  "from": "bluebird@2.3.2"
                },
                "debug": {
                  "version": "0.7.4",
                  "from": "debug@0.7.4"
                }
              }
            },
            "async": {
              "version": "0.9.0",
              "from": "async@0.9.0"
            }
          }
        }
      }
    },
    "q": {
      "version": "1.2.0",
      "from": "q@"
    }
  }
}
