{
  "name": "fritbot",
  "version": "0.8.2",
  "dependencies": {
    "js-yaml": {
      "version": "3.0.2",
      "from": "js-yaml@3.0.2",
      "dependencies": {
        "argparse": {
          "version": "0.1.15",
          "from": "argparse@0.1.15",
          "dependencies": {
            "underscore": {
              "version": "1.4.4",
              "from": "underscore@1.4.4"
            },
            "underscore.string": {
              "version": "2.3.3",
              "from": "underscore.string@~2.3.3"
            }
          }
        },
        "esprima": {
          "version": "1.0.4",
          "from": "esprima@1.0.4"
        }
      }
    },
    "lodash": {
      "version": "3.5.0",
      "from": "https://registry.npmjs.org/lodash/-/lodash-3.5.0.tgz",
      "resolved": "https://registry.npmjs.org/lodash/-/lodash-3.5.0.tgz"
    },
    "moment": {
      "version": "2.9.0",
      "from": "https://registry.npmjs.org/moment/-/moment-2.9.0.tgz",
      "resolved": "https://registry.npmjs.org/moment/-/moment-2.9.0.tgz"
    },
    "mongoose-q": {
      "version": "0.0.16",
      "from": "https://registry.npmjs.org/mongoose-q/-/mongoose-q-0.0.16.tgz",
      "resolved": "https://registry.npmjs.org/mongoose-q/-/mongoose-q-0.0.16.tgz",
      "dependencies": {
        "mongoose": {
          "version": "3.8.25",
          "from": "https://registry.npmjs.org/mongoose/-/mongoose-3.8.25.tgz",
          "resolved": "https://registry.npmjs.org/mongoose/-/mongoose-3.8.25.tgz",
          "dependencies": {
            "mongodb": {
              "version": "1.4.32",
              "from": "https://registry.npmjs.org/mongodb/-/mongodb-1.4.32.tgz",
              "resolved": "https://registry.npmjs.org/mongodb/-/mongodb-1.4.32.tgz",
              "dependencies": {
                "bson": {
                  "version": "0.2.20",
                  "from": "https://registry.npmjs.org/bson/-/bson-0.2.20.tgz",
                  "resolved": "https://registry.npmjs.org/bson/-/bson-0.2.20.tgz",
                  "dependencies": {
                    "nan": {
                      "version": "1.6.2",
                      "from": "https://registry.npmjs.org/nan/-/nan-1.6.2.tgz",
                      "resolved": "https://registry.npmjs.org/nan/-/nan-1.6.2.tgz"
                    }
                  }
                },
                "kerberos": {
                  "version": "0.0.9",
                  "from": "https://registry.npmjs.org/kerberos/-/kerberos-0.0.9.tgz",
                  "resolved": "https://registry.npmjs.org/kerberos/-/kerberos-0.0.9.tgz",
                  "dependencies": {
                    "nan": {
                      "version": "1.6.2",
                      "from": "https://registry.npmjs.org/nan/-/nan-1.6.2.tgz",
                      "resolved": "https://registry.npmjs.org/nan/-/nan-1.6.2.tgz"
                    }
                  }
                },
                "readable-stream": {
                  "version": "1.0.33",
                  "from": "readable-stream@1.0.33",
                  "dependencies": {
                    "core-util-is": {
                      "version": "1.0.1",
                      "from": "core-util-is@1.0.1"
                    },
                    "isarray": {
                      "version": "0.0.1",
                      "from": "isarray@0.0.1"
                    },
                    "string_decoder": {
                      "version": "0.10.31",
                      "from": "string_decoder@0.10.31"
                    },
                    "inherits": {
                      "version": "2.0.1",
                      "from": "inherits@2.0.1"
                    }
                  }
                }
              }
            },
            "hooks": {
              "version": "0.2.1",
              "from": "https://registry.npmjs.org/hooks/-/hooks-0.2.1.tgz",
              "resolved": "https://registry.npmjs.org/hooks/-/hooks-0.2.1.tgz"
            },
            "ms": {
              "version": "0.1.0",
              "from": "https://registry.npmjs.org/ms/-/ms-0.1.0.tgz",
              "resolved": "https://registry.npmjs.org/ms/-/ms-0.1.0.tgz"
            },
            "sliced": {
              "version": "0.0.5",
              "from": "https://registry.npmjs.org/sliced/-/sliced-0.0.5.tgz",
              "resolved": "https://registry.npmjs.org/sliced/-/sliced-0.0.5.tgz"
            },
            "muri": {
              "version": "0.3.1",
              "from": "https://registry.npmjs.org/muri/-/muri-0.3.1.tgz",
              "resolved": "https://registry.npmjs.org/muri/-/muri-0.3.1.tgz"
            },
            "mpromise": {
              "version": "0.4.3",
              "from": "https://registry.npmjs.org/mpromise/-/mpromise-0.4.3.tgz",
              "resolved": "https://registry.npmjs.org/mpromise/-/mpromise-0.4.3.tgz"
            },
            "mpath": {
              "version": "0.1.1",
              "from": "https://registry.npmjs.org/mpath/-/mpath-0.1.1.tgz",
              "resolved": "https://registry.npmjs.org/mpath/-/mpath-0.1.1.tgz"
            },
            "regexp-clone": {
              "version": "0.0.1",
              "from": "https://registry.npmjs.org/regexp-clone/-/regexp-clone-0.0.1.tgz",
              "resolved": "https://registry.npmjs.org/regexp-clone/-/regexp-clone-0.0.1.tgz"
            },
            "mquery": {
              "version": "0.8.0",
              "from": "https://registry.npmjs.org/mquery/-/mquery-0.8.0.tgz",
              "resolved": "https://registry.npmjs.org/mquery/-/mquery-0.8.0.tgz",
              "dependencies": {
                "debug": {
                  "version": "0.7.4",
                  "from": "https://registry.npmjs.org/debug/-/debug-0.7.4.tgz",
                  "resolved": "https://registry.npmjs.org/debug/-/debug-0.7.4.tgz"
                }
              }
            }
          }
        }
      }
    },
    "q": {
      "version": "1.0.1",
      "from": "q@1.0.1"
    },
    "underscore": {
      "version": "1.7.0",
      "from": "underscore@1.7.0"
    }
  }
}
